<?xml version="1.0" encoding="utf-8"?>
<Project ToolsVersion="4.0" xmlns="http://schemas.microsoft.com/developer/msbuild/2003">
  <ItemGroup>
    <ClCompile Include="..\src\AttackFSMState.cpp" />
    <ClCompile Include="..\src\BaseLocation.cpp" />
    <ClCompile Include="..\src\BaseLocationManager.cpp" />
    <ClCompile Include="..\src\BotAssert.cpp" />
    <ClCompile Include="..\src\BotConfig.cpp" />
    <ClCompile Include="..\src\Building.cpp" />
    <ClCompile Include="..\src\BuildingData.cpp" />
    <ClCompile Include="..\src\BuildingManager.cpp" />
    <ClCompile Include="..\src\BuildingPlacer.cpp" />
    <ClCompile Include="..\src\BuildOrder.cpp" />
    <ClCompile Include="..\src\BuildOrderQueue.cpp" />
    <ClCompile Include="..\src\CCBot.cpp" />
    <ClCompile Include="..\src\CombatCommander.cpp" />
    <ClCompile Include="..\src\Condition.cpp" />
    <ClCompile Include="..\src\DistanceMap.cpp" />
    <ClCompile Include="..\src\DonePullBackTransition.cpp" />
    <ClCompile Include="..\src\FiniteStateMachine.cpp" />
    <ClCompile Include="..\src\FireClosestFSMState.cpp" />
    <ClCompile Include="..\src\FleeFSMState.cpp" />
    <ClCompile Include="..\src\FocusFireFiniteStateMachine.cpp" />
    <ClCompile Include="..\src\GameCommander.cpp" />
    <ClCompile Include="..\src\JSONTools.cpp" />
    <ClCompile Include="..\src\KitingFiniteStateMachine.cpp" />
    <ClCompile Include="..\src\main.cpp" />
    <ClCompile Include="..\src\MapTools.cpp" />
    <ClCompile Include="..\src\MeleeManager.cpp" />
    <ClCompile Include="..\src\MetaType.cpp" />
    <ClCompile Include="..\src\Micro.cpp" />
    <ClCompile Include="..\src\MicroManager.cpp" />
    <ClCompile Include="..\src\ProductionManager.cpp" />
    <ClCompile Include="..\src\PullBackFSMState.cpp" />
    <ClCompile Include="..\src\RangedManager.cpp" />
    <ClCompile Include="..\src\ScoutManager.cpp" />
    <ClCompile Include="..\src\ShouldAttackTransition.cpp" />
    <ClCompile Include="..\src\ShouldFleeTransition.cpp" />
    <ClCompile Include="..\src\ShouldPullBackTransition.cpp" />
    <ClCompile Include="..\src\Squad.cpp" />
    <ClCompile Include="..\src\SquadData.cpp" />
    <ClCompile Include="..\src\SquadOrder.cpp" />
    <ClCompile Include="..\src\StrategyManager.cpp" />
    <ClCompile Include="..\src\TechTree.cpp" />
    <ClCompile Include="..\src\Unit.cpp" />
    <ClCompile Include="..\src\UnitData.cpp" />
    <ClCompile Include="..\src\UnitInfoManager.cpp" />
    <ClCompile Include="..\src\Util.cpp" />
    <ClCompile Include="..\src\WorkerData.cpp" />
    <ClCompile Include="..\src\WorkerManager.cpp" />
    <ClCompile Include="..\src\UnitType.cpp" />
  </ItemGroup>
  <ItemGroup>
    <ClInclude Include="..\src\AttackFSMState.h" />
    <ClInclude Include="..\src\Behavior.h" />
    <ClInclude Include="..\src\BehaviorTreeBuilder.h" />
    <ClInclude Include="..\src\BaseLocation.h" />
    <ClInclude Include="..\src\BaseLocationManager.h" />
    <ClInclude Include="..\src\BotAssert.h" />
    <ClInclude Include="..\src\BotConfig.h" />
    <ClInclude Include="..\src\Building.h" />
    <ClInclude Include="..\src\BuildingData.h" />
    <ClInclude Include="..\src\BuildingManager.h" />
    <ClInclude Include="..\src\BuildingPlacer.h" />
    <ClInclude Include="..\src\BuildOrder.h" />
    <ClInclude Include="..\src\BuildOrderQueue.h" />
    <ClInclude Include="..\src\CCBot.h" />
    <ClInclude Include="..\src\CombatCommander.h" />
    <ClInclude Include="..\src\Common.h" />
    <ClInclude Include="..\src\Condition.h" />
    <ClInclude Include="..\src\DistanceMap.h" />
    <ClInclude Include="..\src\DonePullBackTransition.h" />
    <ClInclude Include="..\src\FiniteStateMachine.h" />
    <ClInclude Include="..\src\FireClosestFSMState.h" />
    <ClInclude Include="..\src\FleeFSMState.h" />
    <ClInclude Include="..\src\FocusFireFiniteStateMachine.h" />
    <ClInclude Include="..\src\FocusFireFSM.h" />
    <ClInclude Include="..\src\GameCommander.h" />
    <ClInclude Include="..\src\JSONTools.h" />
    <ClInclude Include="..\src\KitingFiniteStateMachine.h" />
    <ClInclude Include="..\src\KitingFSM.h" />
    <ClInclude Include="..\src\MapTools.h" />
    <ClInclude Include="..\src\MeleeManager.h" />
    <ClInclude Include="..\src\MetaType.h" />
    <ClInclude Include="..\src\Micro.h" />
    <ClInclude Include="..\src\MicroManager.h" />
    <ClInclude Include="..\src\ProductionManager.h" />
    <ClInclude Include="..\src\PullBackFSMState.h" />
    <ClInclude Include="..\src\RangedActions.h" />
    <ClInclude Include="..\src\RangedManager.h" />
    <ClInclude Include="..\src\ScoutManager.h" />
    <ClInclude Include="..\src\ShouldAttackTransition.h" />
    <ClInclude Include="..\src\ShouldFleeTransition.h" />
    <ClInclude Include="..\src\ShouldPullBackTransition.h" />
    <ClInclude Include="..\src\Squad.h" />
    <ClInclude Include="..\src\SquadData.h" />
    <ClInclude Include="..\src\SquadOrder.h" />
    <ClInclude Include="..\src\StrategyManager.h" />
    <ClInclude Include="..\src\TechTree.h" />
    <ClInclude Include="..\src\Timer.hpp" />
    <ClInclude Include="..\src\Unit.h" />
    <ClInclude Include="..\src\UnitData.h" />
    <ClInclude Include="..\src\UnitInfoManager.h" />
    <ClInclude Include="..\src\UnitType.h" />
    <ClInclude Include="..\src\Util.h" />
    <ClInclude Include="..\src\WorkerData.h" />
    <ClInclude Include="..\src\WorkerManager.h" />
    <ClInclude Include="resource.h" />
  </ItemGroup>
  <ItemGroup>
    <ResourceCompile Include="CommandCenter.rc" />
  </ItemGroup>
</Project>